{
  "name": "tp4rasumoffromanowicz",
  "version": "1.0.0",
  "lockfileVersion": 3,
  "requires": true,
  "packages": {
    "": {
      "name": "tp4rasumoffromanowicz",
      "version": "1.0.0",
      "license": "ISC",
      "dependencies": {
        "country-to-currency": "^2.0.2"
      }
    },
    "node_modules/country-to-currency": {
      "version": "2.0.2",
      "resolved": "https://registry.npmjs.org/country-to-currency/-/country-to-currency-2.0.2.tgz",
      "integrity": "sha512-vM4pJUmhw1EEvfqx12ZpbXqCAHMPp/P6dxtz+V0mT5NKiJaC73cbKk7OPxpGZhno+CthOkIyl+a4VAlToFvX7Q=="
    }
  }
}
